
Microsoft Visual Studio Solution File, Format Version 12.00
# Visual Studio 15
VisualStudioVersion = 15.0.27703.2035
MinimumVisualStudioVersion = 10.0.40219.1
Project("{FAE04EC0-301F-11D3-BF4B-00C04F79EFBC}") = "PresentationLayer", "Blood Donor Management System\PresentationLayer.csproj", "{C7628F6E-69EE-45F6-A18C-47E25FC3A58D}"
EndProject
Project("{FAE04EC0-301F-11D3-BF4B-00C04F79EFBC}") = "BELayer", "BELayer\BELayer.csproj", "{61C207B7-48C1-4706-8B48-B80978FC848F}"
EndProject
Project("{FAE04EC0-301F-11D3-BF4B-00C04F79EFBC}") = "DALayer", "DALayer\DALayer.csproj", "{D9924077-3036-4ED8-87FF-C839DF2289CF}"
EndProject
Global
	GlobalSection(SolutionConfigurationPlatforms) = preSolution
		Debug|Any CPU = Debug|Any CPU
		Release|Any CPU = Release|Any CPU
	EndGlobalSection
	GlobalSection(ProjectConfigurationPlatforms) = postSolution
		{C7628F6E-69EE-45F6-A18C-47E25FC3A58D}.Debug|Any CPU.ActiveCfg = Debug|Any CPU
		{C7628F6E-69EE-45F6-A18C-47E25FC3A58D}.Debug|Any CPU.Build.0 = Debug|Any CPU
		{C7628F6E-69EE-45F6-A18C-47E25FC3A58D}.Release|Any CPU.ActiveCfg = Release|Any CPU
		{C7628F6E-69EE-45F6-A18C-47E25FC3A58D}.Release|Any CPU.Build.0 = Release|Any CPU
		{61C207B7-48C1-4706-8B48-B80978FC848F}.Debug|Any CPU.ActiveCfg = Debug|Any CPU
		{61C207B7-48C1-4706-8B48-B80978FC848F}.Debug|Any CPU.Build.0 = Debug|Any CPU
		{61C207B7-48C1-4706-8B48-B80978FC848F}.Release|Any CPU.ActiveCfg = Release|Any CPU
		{61C207B7-48C1-4706-8B48-B80978FC848F}.Release|Any CPU.Build.0 = Release|Any CPU
		{D9924077-3036-4ED8-87FF-C839DF2289CF}.Debug|Any CPU.ActiveCfg = Debug|Any CPU
		{D9924077-3036-4ED8-87FF-C839DF2289CF}.Debug|Any CPU.Build.0 = Debug|Any CPU
		{D9924077-3036-4ED8-87FF-C839DF2289CF}.Release|Any CPU.ActiveCfg = Release|Any CPU
		{D9924077-3036-4ED8-87FF-C839DF2289CF}.Release|Any CPU.Build.0 = Release|Any CPU
	EndGlobalSection
	GlobalSection(SolutionProperties) = preSolution
		HideSolutionNode = FALSE
	EndGlobalSection
	GlobalSection(ExtensibilityGlobals) = postSolution
		SolutionGuid = {FFF17C76-0DB3-4D50-AE5A-E0DE9F5D4FD7}
	EndGlobalSection
EndGlobal
